
Microsoft Visual Studio Solution File, Format Version 12.00
# Visual Studio Version 17
VisualStudioVersion = 17.3.32825.248
MinimumVisualStudioVersion = 10.0.40219.1
Project("{FAE04EC0-301F-11D3-BF4B-00C04F79EFBC}") = "Калькулятор", "Калькулятор.csproj", "{0018283C-AC7A-4E4C-8878-AE53F3227C6D}"
EndProject
Global
	GlobalSection(SolutionConfigurationPlatforms) = preSolution
		Debug|Any CPU = Debug|Any CPU
		Release|Any CPU = Release|Any CPU
	EndGlobalSection
	GlobalSection(ProjectConfigurationPlatforms) = postSolution
		{0018283C-AC7A-4E4C-8878-AE53F3227C6D}.Debug|Any CPU.ActiveCfg = Debug|Any CPU
		{0018283C-AC7A-4E4C-8878-AE53F3227C6D}.Debug|Any CPU.Build.0 = Debug|Any CPU
		{0018283C-AC7A-4E4C-8878-AE53F3227C6D}.Release|Any CPU.ActiveCfg = Release|Any CPU
		{0018283C-AC7A-4E4C-8878-AE53F3227C6D}.Release|Any CPU.Build.0 = Release|Any CPU
	EndGlobalSection
	GlobalSection(SolutionProperties) = preSolution
		HideSolutionNode = FALSE
	EndGlobalSection
	GlobalSection(ExtensibilityGlobals) = postSolution
		SolutionGuid = {04F0E4E1-3ACB-45A3-8DDD-B6B060A580D8}
	EndGlobalSection
EndGlobal
